
Microsoft Visual Studio Solution File, Format Version 12.00
# Visual Studio Version 17
VisualStudioVersion = 17.14.36811.4 d17.14
MinimumVisualStudioVersion = 10.0.40219.1
Project("{FAE04EC0-301F-11D3-BF4B-00C04F79EFBC}") = "ConsoleApp35", "ConsoleApp35.csproj", "{FF8377B7-5A66-4775-B2D9-16D97825256F}"
EndProject
Global
	GlobalSection(SolutionConfigurationPlatforms) = preSolution
		Debug|Any CPU = Debug|Any CPU
		Release|Any CPU = Release|Any CPU
	EndGlobalSection
	GlobalSection(ProjectConfigurationPlatforms) = postSolution
		{FF8377B7-5A66-4775-B2D9-16D97825256F}.Debug|Any CPU.ActiveCfg = Debug|Any CPU
		{FF8377B7-5A66-4775-B2D9-16D97825256F}.Debug|Any CPU.Build.0 = Debug|Any CPU
		{FF8377B7-5A66-4775-B2D9-16D97825256F}.Release|Any CPU.ActiveCfg = Release|Any CPU
		{FF8377B7-5A66-4775-B2D9-16D97825256F}.Release|Any CPU.Build.0 = Release|Any CPU
	EndGlobalSection
	GlobalSection(SolutionProperties) = preSolution
		HideSolutionNode = FALSE
	EndGlobalSection
	GlobalSection(ExtensibilityGlobals) = postSolution
		SolutionGuid = {9E38C623-5BAA-4D9C-8A73-ACDBC716DE4A}
	EndGlobalSection
EndGlobal
